{
  "name": "wasm2swf",
  "version": "0.1.0",
  "lockfileVersion": 1,
  "requires": true,
  "dependencies": {
    "binaryen": {
      "version": "89.0.0-nightly.20191219",
      "resolved": "https://registry.npmjs.org/binaryen/-/binaryen-89.0.0-nightly.20191219.tgz",
      "integrity": "sha512-oWe1QgdNiLpN2URitrsimfrpSCXj84JoK5GqtsvDpOeWaDAlezSz4Wz46a3E6s2Zitivo/XDJZRY/QttJcAT6Q=="
    }
  }
}
